
Microsoft Visual Studio Solution File, Format Version 12.00
# Visual Studio 2012
Project("{FAE04EC0-301F-11D3-BF4B-00C04F79EFBC}") = "SHIVAMClock", "SHIVAMClock\SHIVAMClock.csproj", "{7808D8A8-892E-435B-B068-650382F1A904}"
EndProject
Project("{FAE04EC0-301F-11D3-BF4B-00C04F79EFBC}") = "SHIVAMClock.Tests", "SHIVAMClock.Tests\SHIVAMClock.Tests.csproj", "{8CE3B692-CE54-438D-BB49-25891590031D}"
EndProject
Global
	GlobalSection(SolutionConfigurationPlatforms) = preSolution
		Debug|Any CPU = Debug|Any CPU
		Release|Any CPU = Release|Any CPU
	EndGlobalSection
	GlobalSection(ProjectConfigurationPlatforms) = postSolution
		{7808D8A8-892E-435B-B068-650382F1A904}.Debug|Any CPU.ActiveCfg = Debug|Any CPU
		{7808D8A8-892E-435B-B068-650382F1A904}.Debug|Any CPU.Build.0 = Debug|Any CPU
		{7808D8A8-892E-435B-B068-650382F1A904}.Release|Any CPU.ActiveCfg = Release|Any CPU
		{7808D8A8-892E-435B-B068-650382F1A904}.Release|Any CPU.Build.0 = Release|Any CPU
		{8CE3B692-CE54-438D-BB49-25891590031D}.Debug|Any CPU.ActiveCfg = Debug|Any CPU
		{8CE3B692-CE54-438D-BB49-25891590031D}.Debug|Any CPU.Build.0 = Debug|Any CPU
		{8CE3B692-CE54-438D-BB49-25891590031D}.Release|Any CPU.ActiveCfg = Release|Any CPU
		{8CE3B692-CE54-438D-BB49-25891590031D}.Release|Any CPU.Build.0 = Release|Any CPU
	EndGlobalSection
	GlobalSection(SolutionProperties) = preSolution
		HideSolutionNode = FALSE
	EndGlobalSection
EndGlobal
